
Microsoft Visual Studio Solution File, Format Version 12.00
# Visual Studio 15
VisualStudioVersion = 15.0.27703.2047
MinimumVisualStudioVersion = 10.0.40219.1
Project("{888888A0-9F3D-457C-B088-3A5042F75D52}") = "ML-01-DT", "ML-01-DT\ML-01-DT.pyproj", "{B4484E1F-3DB3-4A51-9760-86C2BF1E7831}"
EndProject
Project("{888888A0-9F3D-457C-B088-3A5042F75D52}") = "NLP-01-morphology", "NLP-01-morphology\NLP-01-morphology.pyproj", "{E2E5225C-CFB2-49FF-8B34-DB68C53711E2}"
EndProject
Project("{888888A0-9F3D-457C-B088-3A5042F75D52}") = "NLP-02-CKY", "NLP-02-CKY\NLP-02-CKY.pyproj", "{8FE88901-C363-42DB-8024-89E7A4E22022}"
EndProject
Project("{888888A0-9F3D-457C-B088-3A5042F75D52}") = "ML-02-Perceptron", "ML-02-Perceptron\ML-02-Perceptron.pyproj", "{0FB923BB-BC1E-4955-BC46-DA295FCB7ACA}"
EndProject
Project("{DA7A21FA-8162-4350-AD77-A8D1B671F3ED}") = "ML-03-movie", "ML-03-movie\ML-03-movie.rxproj", "{134DC768-5D2C-4A1E-A516-9AA428D16391}"
EndProject
Project("{888888A0-9F3D-457C-B088-3A5042F75D52}") = "NLP-03-NER", "NLP-03-NER\NLP-03-NER.pyproj", "{8B896E87-8FE1-40B5-A2E5-5521870F3CC4}"
EndProject
Global
	GlobalSection(SolutionConfigurationPlatforms) = preSolution
		Debug|Any CPU = Debug|Any CPU
		Release|Any CPU = Release|Any CPU
	EndGlobalSection
	GlobalSection(ProjectConfigurationPlatforms) = postSolution
		{B4484E1F-3DB3-4A51-9760-86C2BF1E7831}.Debug|Any CPU.ActiveCfg = Debug|Any CPU
		{B4484E1F-3DB3-4A51-9760-86C2BF1E7831}.Release|Any CPU.ActiveCfg = Release|Any CPU
		{E2E5225C-CFB2-49FF-8B34-DB68C53711E2}.Debug|Any CPU.ActiveCfg = Debug|Any CPU
		{E2E5225C-CFB2-49FF-8B34-DB68C53711E2}.Release|Any CPU.ActiveCfg = Release|Any CPU
		{8FE88901-C363-42DB-8024-89E7A4E22022}.Debug|Any CPU.ActiveCfg = Debug|Any CPU
		{8FE88901-C363-42DB-8024-89E7A4E22022}.Release|Any CPU.ActiveCfg = Release|Any CPU
		{0FB923BB-BC1E-4955-BC46-DA295FCB7ACA}.Debug|Any CPU.ActiveCfg = Debug|Any CPU
		{0FB923BB-BC1E-4955-BC46-DA295FCB7ACA}.Release|Any CPU.ActiveCfg = Release|Any CPU
		{134DC768-5D2C-4A1E-A516-9AA428D16391}.Debug|Any CPU.ActiveCfg = Debug|Any CPU
		{134DC768-5D2C-4A1E-A516-9AA428D16391}.Debug|Any CPU.Build.0 = Debug|Any CPU
		{134DC768-5D2C-4A1E-A516-9AA428D16391}.Release|Any CPU.ActiveCfg = Release|Any CPU
		{134DC768-5D2C-4A1E-A516-9AA428D16391}.Release|Any CPU.Build.0 = Release|Any CPU
		{8B896E87-8FE1-40B5-A2E5-5521870F3CC4}.Debug|Any CPU.ActiveCfg = Debug|Any CPU
		{8B896E87-8FE1-40B5-A2E5-5521870F3CC4}.Release|Any CPU.ActiveCfg = Release|Any CPU
	EndGlobalSection
	GlobalSection(SolutionProperties) = preSolution
		HideSolutionNode = FALSE
	EndGlobalSection
	GlobalSection(ExtensibilityGlobals) = postSolution
		SolutionGuid = {B8CA3085-04CC-49DA-A874-66B7BC53D8F7}
	EndGlobalSection
EndGlobal
